
Microsoft Visual Studio Solution File, Format Version 12.00
# Visual Studio Version 17
VisualStudioVersion = 17.12.35417.141
MinimumVisualStudioVersion = 10.0.40219.1
Project("{2150E333-8FDC-42A3-9474-1A3956D46DE8}") = "src", "src", "{8040156A-15DA-4D78-B9A9-BA2F437D7820}"
EndProject
Project("{FAE04EC0-301F-11D3-BF4B-00C04F79EFBC}") = "ComfyMAUI.App", "src\ComfyMAUI.App\ComfyMAUI.App.csproj", "{354B93A8-9617-4E49-B028-2055FBB61EB8}"
EndProject
Global
	GlobalSection(SolutionConfigurationPlatforms) = preSolution
		Debug|Any CPU = Debug|Any CPU
		Release|Any CPU = Release|Any CPU
	EndGlobalSection
	GlobalSection(ProjectConfigurationPlatforms) = postSolution
		{354B93A8-9617-4E49-B028-2055FBB61EB8}.Debug|Any CPU.ActiveCfg = Debug|Any CPU
		{354B93A8-9617-4E49-B028-2055FBB61EB8}.Debug|Any CPU.Build.0 = Debug|Any CPU
		{354B93A8-9617-4E49-B028-2055FBB61EB8}.Release|Any CPU.ActiveCfg = Release|Any CPU
		{354B93A8-9617-4E49-B028-2055FBB61EB8}.Release|Any CPU.Build.0 = Release|Any CPU
	EndGlobalSection
	GlobalSection(SolutionProperties) = preSolution
		HideSolutionNode = FALSE
	EndGlobalSection
	GlobalSection(NestedProjects) = preSolution
		{354B93A8-9617-4E49-B028-2055FBB61EB8} = {8040156A-15DA-4D78-B9A9-BA2F437D7820}
	EndGlobalSection
EndGlobal
